// !$*UTF8*$!
{
	archiveVersion = 1;
	classes = {
	};
	objectVersion = 55;
	objects = {

/* Begin PBXBuildFile section */
		2FB2A69C27D4EE20009CD0B4 /* TimeFormatter.swift in Sources */ = {isa = PBXBuildFile; fileRef = 2FB2A69B27D4EE20009CD0B4 /* TimeFormatter.swift */; };
		2FB2A6A327D612E8009CD0B4 /* PlayerEditorControlsView.swift in Sources */ = {isa = PBXBuildFile; fileRef = 2FB2A6A227D612E8009CD0B4 /* PlayerEditorControlsView.swift */; };
		2FB2A6AB27D65566009CD0B4 /* Video2.mov in Resources */ = {isa = PBXBuildFile; fileRef = 2FB2A6A827D65563009CD0B4 /* Video2.mov */; };
		2FB2A6AC27D65566009CD0B4 /* Video1.mov in Resources */ = {isa = PBXBuildFile; fileRef = 2FB2A6A927D65563009CD0B4 /* Video1.mov */; };
		2FB2A6AD27D65566009CD0B4 /* Video3.mov in Resources */ = {isa = PBXBuildFile; fileRef = 2FB2A6AA27D65566009CD0B4 /* Video3.mov */; };
		2FCF229027DCE78D005C25C6 /* GalleryAssetsList.swift in Sources */ = {isa = PBXBuildFile; fileRef = 2FCF228F27DCE78D005C25C6 /* GalleryAssetsList.swift */; };
		2FCF229427DCE853005C25C6 /* GalleryItemCell.swift in Sources */ = {isa = PBXBuildFile; fileRef = 2FCF229327DCE853005C25C6 /* GalleryItemCell.swift */; };
		2FCF229727DE4899005C25C6 /* PlayerOptionsModel.swift in Sources */ = {isa = PBXBuildFile; fileRef = 2FCF229627DE4899005C25C6 /* PlayerOptionsModel.swift */; };
		B13E8FCD27CA22C700FAA99D /* AppDelegate.swift in Sources */ = {isa = PBXBuildFile; fileRef = B13E8FCC27CA22C700FAA99D /* AppDelegate.swift */; };
		B13E8FCF27CA22C700FAA99D /* SceneDelegate.swift in Sources */ = {isa = PBXBuildFile; fileRef = B13E8FCE27CA22C700FAA99D /* SceneDelegate.swift */; };
		B13E8FD127CA22C700FAA99D /* FullWindowPlayerController.swift in Sources */ = {isa = PBXBuildFile; fileRef = B13E8FD027CA22C700FAA99D /* FullWindowPlayerController.swift */; };
		B13E8FD627CA22C800FAA99D /* Assets.xcassets in Resources */ = {isa = PBXBuildFile; fileRef = B13E8FD527CA22C800FAA99D /* Assets.xcassets */; };
		B13E8FD927CA22C800FAA99D /* LaunchScreen.storyboard in Resources */ = {isa = PBXBuildFile; fileRef = B13E8FD727CA22C800FAA99D /* LaunchScreen.storyboard */; };
		B13E8FF327CA31DC00FAA99D /* AVPlayerLayerModifyingController.swift in Sources */ = {isa = PBXBuildFile; fileRef = B13E8FF227CA31DC00FAA99D /* AVPlayerLayerModifyingController.swift */; };
		B13E8FFD27CA77B500FAA99D /* AVPlayerLayerViewController.swift in Sources */ = {isa = PBXBuildFile; fileRef = B13E8FFC27CA77B500FAA99D /* AVPlayerLayerViewController.swift */; };
		B13E900027CA784700FAA99D /* PlayerView.swift in Sources */ = {isa = PBXBuildFile; fileRef = B13E8FFF27CA784700FAA99D /* PlayerView.swift */; };
		B13E900227CA7F7400FAA99D /* PlayerControlsView.swift in Sources */ = {isa = PBXBuildFile; fileRef = B13E900127CA7F7400FAA99D /* PlayerControlsView.swift */; };
		B13E901027CBCCC700FAA99D /* PlayersListViewController.swift in Sources */ = {isa = PBXBuildFile; fileRef = B13E900F27CBCCC700FAA99D /* PlayersListViewController.swift */; };
		B13E901427CBD1A100FAA99D /* PlayerCVCell.swift in Sources */ = {isa = PBXBuildFile; fileRef = B13E901327CBD1A100FAA99D /* PlayerCVCell.swift */; };
/* End PBXBuildFile section */

/* Begin PBXFileReference section */
		2FB2A69B27D4EE20009CD0B4 /* TimeFormatter.swift */ = {isa = PBXFileReference; lastKnownFileType = sourcecode.swift; path = TimeFormatter.swift; sourceTree = "<group>"; };
		2FB2A6A227D612E8009CD0B4 /* PlayerEditorControlsView.swift */ = {isa = PBXFileReference; lastKnownFileType = sourcecode.swift; path = PlayerEditorControlsView.swift; sourceTree = "<group>"; };
		2FB2A6A827D65563009CD0B4 /* Video2.mov */ = {isa = PBXFileReference; lastKnownFileType = video.quicktime; path = Video2.mov; sourceTree = "<group>"; };
		2FB2A6A927D65563009CD0B4 /* Video1.mov */ = {isa = PBXFileReference; lastKnownFileType = video.quicktime; path = Video1.mov; sourceTree = "<group>"; };
		2FB2A6AA27D65566009CD0B4 /* Video3.mov */ = {isa = PBXFileReference; lastKnownFileType = video.quicktime; path = Video3.mov; sourceTree = "<group>"; };
		2FCF228F27DCE78D005C25C6 /* GalleryAssetsList.swift */ = {isa = PBXFileReference; lastKnownFileType = sourcecode.swift; path = GalleryAssetsList.swift; sourceTree = "<group>"; };
		2FCF229327DCE853005C25C6 /* GalleryItemCell.swift */ = {isa = PBXFileReference; lastKnownFileType = sourcecode.swift; path = GalleryItemCell.swift; sourceTree = "<group>"; };
		2FCF229627DE4899005C25C6 /* PlayerOptionsModel.swift */ = {isa = PBXFileReference; lastKnownFileType = sourcecode.swift; path = PlayerOptionsModel.swift; sourceTree = "<group>"; };
		B13E8FC927CA22C700FAA99D /* VideoPlayer.app */ = {isa = PBXFileReference; explicitFileType = wrapper.application; includeInIndex = 0; path = VideoPlayer.app; sourceTree = BUILT_PRODUCTS_DIR; };
		B13E8FCC27CA22C700FAA99D /* AppDelegate.swift */ = {isa = PBXFileReference; lastKnownFileType = sourcecode.swift; path = AppDelegate.swift; sourceTree = "<group>"; };
		B13E8FCE27CA22C700FAA99D /* SceneDelegate.swift */ = {isa = PBXFileReference; lastKnownFileType = sourcecode.swift; path = SceneDelegate.swift; sourceTree = "<group>"; };
		B13E8FD027CA22C700FAA99D /* FullWindowPlayerController.swift */ = {isa = PBXFileReference; lastKnownFileType = sourcecode.swift; path = FullWindowPlayerController.swift; sourceTree = "<group>"; };
		B13E8FD527CA22C800FAA99D /* Assets.xcassets */ = {isa = PBXFileReference; lastKnownFileType = folder.assetcatalog; path = Assets.xcassets; sourceTree = "<group>"; };
		B13E8FD827CA22C800FAA99D /* Base */ = {isa = PBXFileReference; lastKnownFileType = file.storyboard; name = Base; path = Base.lproj/LaunchScreen.storyboard; sourceTree = "<group>"; };
		B13E8FDA27CA22C800FAA99D /* Info.plist */ = {isa = PBXFileReference; lastKnownFileType = text.plist.xml; path = Info.plist; sourceTree = "<group>"; };
		B13E8FF227CA31DC00FAA99D /* AVPlayerLayerModifyingController.swift */ = {isa = PBXFileReference; lastKnownFileType = sourcecode.swift; path = AVPlayerLayerModifyingController.swift; sourceTree = "<group>"; };
		B13E8FFC27CA77B500FAA99D /* AVPlayerLayerViewController.swift */ = {isa = PBXFileReference; lastKnownFileType = sourcecode.swift; path = AVPlayerLayerViewController.swift; sourceTree = "<group>"; };
		B13E8FFF27CA784700FAA99D /* PlayerView.swift */ = {isa = PBXFileReference; lastKnownFileType = sourcecode.swift; path = PlayerView.swift; sourceTree = "<group>"; };
		B13E900127CA7F7400FAA99D /* PlayerControlsView.swift */ = {isa = PBXFileReference; lastKnownFileType = sourcecode.swift; path = PlayerControlsView.swift; sourceTree = "<group>"; };
		B13E900F27CBCCC700FAA99D /* PlayersListViewController.swift */ = {isa = PBXFileReference; lastKnownFileType = sourcecode.swift; path = PlayersListViewController.swift; sourceTree = "<group>"; };
		B13E901327CBD1A100FAA99D /* PlayerCVCell.swift */ = {isa = PBXFileReference; lastKnownFileType = sourcecode.swift; path = PlayerCVCell.swift; sourceTree = "<group>"; };
/* End PBXFileReference section */

/* Begin PBXFrameworksBuildPhase section */
		B13E8FC627CA22C700FAA99D /* Frameworks */ = {
			isa = PBXFrameworksBuildPhase;
			buildActionMask = 2147483647;
			files = (
			);
			runOnlyForDeploymentPostprocessing = 0;
		};
/* End PBXFrameworksBuildPhase section */

/* Begin PBXGroup section */
		2FB2A69827D4ED1A009CD0B4 /* PlayersListViewController */ = {
			isa = PBXGroup;
			children = (
				B13E900F27CBCCC700FAA99D /* PlayersListViewController.swift */,
				B13E901527CBEA9B00FAA99D /* Cells */,
			);
			path = PlayersListViewController;
			sourceTree = "<group>";
		};
		2FB2A69927D4ED28009CD0B4 /* AVPlayerLayerViewController */ = {
			isa = PBXGroup;
			children = (
				B13E8FFC27CA77B500FAA99D /* AVPlayerLayerViewController.swift */,
				B13E8FFE27CA783400FAA99D /* Subviews */,
			);
			path = AVPlayerLayerViewController;
			sourceTree = "<group>";
		};
		2FB2A69A27D4EE13009CD0B4 /* Models */ = {
			isa = PBXGroup;
			children = (
				2FB2A69B27D4EE20009CD0B4 /* TimeFormatter.swift */,
			);
			path = Models;
			sourceTree = "<group>";
		};
		2FB2A69D27D5125C009CD0B4 /* FullWindowPlayerController */ = {
			isa = PBXGroup;
			children = (
				B13E8FD027CA22C700FAA99D /* FullWindowPlayerController.swift */,
			);
			path = FullWindowPlayerController;
			sourceTree = "<group>";
		};
		2FB2A6A027D51324009CD0B4 /* AVPlayerLayerModifyingController */ = {
			isa = PBXGroup;
			children = (
				B13E8FF227CA31DC00FAA99D /* AVPlayerLayerModifyingController.swift */,
				2FB2A6A127D612AE009CD0B4 /* Subviews */,
			);
			path = AVPlayerLayerModifyingController;
			sourceTree = "<group>";
		};
		2FB2A6A127D612AE009CD0B4 /* Subviews */ = {
			isa = PBXGroup;
			children = (
				2FB2A6A227D612E8009CD0B4 /* PlayerEditorControlsView.swift */,
				2FCF229527DE4883005C25C6 /* Models */,
			);
			path = Subviews;
			sourceTree = "<group>";
		};
		2FCF229127DCE794005C25C6 /* GalleryAssetsList */ = {
			isa = PBXGroup;
			children = (
				2FCF228F27DCE78D005C25C6 /* GalleryAssetsList.swift */,
				2FCF229227DCE843005C25C6 /* Cells */,
			);
			path = GalleryAssetsList;
			sourceTree = "<group>";
		};
		2FCF229227DCE843005C25C6 /* Cells */ = {
			isa = PBXGroup;
			children = (
				2FCF229327DCE853005C25C6 /* GalleryItemCell.swift */,
			);
			path = Cells;
			sourceTree = "<group>";
		};
		2FCF229527DE4883005C25C6 /* Models */ = {
			isa = PBXGroup;
			children = (
				2FCF229627DE4899005C25C6 /* PlayerOptionsModel.swift */,
			);
			path = Models;
			sourceTree = "<group>";
		};
		B13E8FC027CA22C700FAA99D = {
			isa = PBXGroup;
			children = (
				B13E8FCB27CA22C700FAA99D /* VideoPlayer */,
				B13E8FCA27CA22C700FAA99D /* Products */,
			);
			sourceTree = "<group>";
		};
		B13E8FCA27CA22C700FAA99D /* Products */ = {
			isa = PBXGroup;
			children = (
				B13E8FC927CA22C700FAA99D /* VideoPlayer.app */,
			);
			name = Products;
			sourceTree = "<group>";
		};
		B13E8FCB27CA22C700FAA99D /* VideoPlayer */ = {
			isa = PBXGroup;
			children = (
				B13E8FCC27CA22C700FAA99D /* AppDelegate.swift */,
				B13E8FCE27CA22C700FAA99D /* SceneDelegate.swift */,
				2FB2A69A27D4EE13009CD0B4 /* Models */,
				B13E8FF427CA31E200FAA99D /* ViewControllers */,
				B13E8FF527CA39ED00FAA99D /* Resources */,
				B13E8FD527CA22C800FAA99D /* Assets.xcassets */,
				B13E8FD727CA22C800FAA99D /* LaunchScreen.storyboard */,
				B13E8FDA27CA22C800FAA99D /* Info.plist */,
			);
			path = VideoPlayer;
			sourceTree = "<group>";
		};
		B13E8FF427CA31E200FAA99D /* ViewControllers */ = {
			isa = PBXGroup;
			children = (
				2FB2A69827D4ED1A009CD0B4 /* PlayersListViewController */,
				2FB2A69D27D5125C009CD0B4 /* FullWindowPlayerController */,
				2FB2A69927D4ED28009CD0B4 /* AVPlayerLayerViewController */,
				2FB2A6A027D51324009CD0B4 /* AVPlayerLayerModifyingController */,
				2FCF229127DCE794005C25C6 /* GalleryAssetsList */,
			);
			path = ViewControllers;
			sourceTree = "<group>";
		};
		B13E8FF527CA39ED00FAA99D /* Resources */ = {
			isa = PBXGroup;
			children = (
				2FB2A6A927D65563009CD0B4 /* Video1.mov */,
				2FB2A6A827D65563009CD0B4 /* Video2.mov */,
				2FB2A6AA27D65566009CD0B4 /* Video3.mov */,
			);
			path = Resources;
			sourceTree = "<group>";
		};
		B13E8FFE27CA783400FAA99D /* Subviews */ = {
			isa = PBXGroup;
			children = (
				B13E8FFF27CA784700FAA99D /* PlayerView.swift */,
				B13E900127CA7F7400FAA99D /* PlayerControlsView.swift */,
			);
			path = Subviews;
			sourceTree = "<group>";
		};
		B13E901527CBEA9B00FAA99D /* Cells */ = {
			isa = PBXGroup;
			children = (
				B13E901327CBD1A100FAA99D /* PlayerCVCell.swift */,
			);
			path = Cells;
			sourceTree = "<group>";
		};
/* End PBXGroup section */

/* Begin PBXNativeTarget section */
		B13E8FC827CA22C700FAA99D /* VideoPlayer */ = {
			isa = PBXNativeTarget;
			buildConfigurationList = B13E8FDD27CA22C800FAA99D /* Build configuration list for PBXNativeTarget "VideoPlayer" */;
			buildPhases = (
				B13E8FC527CA22C700FAA99D /* Sources */,
				B13E8FC627CA22C700FAA99D /* Frameworks */,
				B13E8FC727CA22C700FAA99D /* Resources */,
			);
			buildRules = (
			);
			dependencies = (
			);
			name = VideoPlayer;
			productName = VideoPlayer;
			productReference = B13E8FC927CA22C700FAA99D /* VideoPlayer.app */;
			productType = "com.apple.product-type.application";
		};
/* End PBXNativeTarget section */

/* Begin PBXProject section */
		B13E8FC127CA22C700FAA99D /* Project object */ = {
			isa = PBXProject;
			attributes = {
				BuildIndependentTargetsInParallel = 1;
				LastSwiftUpdateCheck = 1320;
				LastUpgradeCheck = 1320;
				TargetAttributes = {
					B13E8FC827CA22C700FAA99D = {
						CreatedOnToolsVersion = 13.2;
					};
				};
			};
			buildConfigurationList = B13E8FC427CA22C700FAA99D /* Build configuration list for PBXProject "VideoPlayer" */;
			compatibilityVersion = "Xcode 13.0";
			developmentRegion = en;
			hasScannedForEncodings = 0;
			knownRegions = (
				en,
				Base,
			);
			mainGroup = B13E8FC027CA22C700FAA99D;
			productRefGroup = B13E8FCA27CA22C700FAA99D /* Products */;
			projectDirPath = "";
			projectRoot = "";
			targets = (
				B13E8FC827CA22C700FAA99D /* VideoPlayer */,
			);
		};
/* End PBXProject section */

/* Begin PBXResourcesBuildPhase section */
		B13E8FC727CA22C700FAA99D /* Resources */ = {
			isa = PBXResourcesBuildPhase;
			buildActionMask = 2147483647;
			files = (
				B13E8FD927CA22C800FAA99D /* LaunchScreen.storyboard in Resources */,
				B13E8FD627CA22C800FAA99D /* Assets.xcassets in Resources */,
				2FB2A6AC27D65566009CD0B4 /* Video1.mov in Resources */,
				2FB2A6AD27D65566009CD0B4 /* Video3.mov in Resources */,
				2FB2A6AB27D65566009CD0B4 /* Video2.mov in Resources */,
			);
			runOnlyForDeploymentPostprocessing = 0;
		};
/* End PBXResourcesBuildPhase section */

/* Begin PBXSourcesBuildPhase section */
		B13E8FC527CA22C700FAA99D /* Sources */ = {
			isa = PBXSourcesBuildPhase;
			buildActionMask = 2147483647;
			files = (
				B13E8FD127CA22C700FAA99D /* FullWindowPlayerController.swift in Sources */,
				B13E8FCD27CA22C700FAA99D /* AppDelegate.swift in Sources */,
				B13E900027CA784700FAA99D /* PlayerView.swift in Sources */,
				2FCF229727DE4899005C25C6 /* PlayerOptionsModel.swift in Sources */,
				2FB2A69C27D4EE20009CD0B4 /* TimeFormatter.swift in Sources */,
				B13E8FCF27CA22C700FAA99D /* SceneDelegate.swift in Sources */,
				B13E901027CBCCC700FAA99D /* PlayersListViewController.swift in Sources */,
				B13E8FF327CA31DC00FAA99D /* AVPlayerLayerModifyingController.swift in Sources */,
				B13E8FFD27CA77B500FAA99D /* AVPlayerLayerViewController.swift in Sources */,
				B13E901427CBD1A100FAA99D /* PlayerCVCell.swift in Sources */,
				2FCF229027DCE78D005C25C6 /* GalleryAssetsList.swift in Sources */,
				B13E900227CA7F7400FAA99D /* PlayerControlsView.swift in Sources */,
				2FCF229427DCE853005C25C6 /* GalleryItemCell.swift in Sources */,
				2FB2A6A327D612E8009CD0B4 /* PlayerEditorControlsView.swift in Sources */,
			);
			runOnlyForDeploymentPostprocessing = 0;
		};
/* End PBXSourcesBuildPhase section */

/* Begin PBXVariantGroup section */
		B13E8FD727CA22C800FAA99D /* LaunchScreen.storyboard */ = {
			isa = PBXVariantGroup;
			children = (
				B13E8FD827CA22C800FAA99D /* Base */,
			);
			name = LaunchScreen.storyboard;
			sourceTree = "<group>";
		};
/* End PBXVariantGroup section */

/* Begin XCBuildConfiguration section */
		B13E8FDB27CA22C800FAA99D /* Debug */ = {
			isa = XCBuildConfiguration;
			buildSettings = {
				ALWAYS_SEARCH_USER_PATHS = NO;
				CLANG_ANALYZER_NONNULL = YES;
				CLANG_ANALYZER_NUMBER_OBJECT_CONVERSION = YES_AGGRESSIVE;
				CLANG_CXX_LANGUAGE_STANDARD = "gnu++17";
				CLANG_CXX_LIBRARY = "libc++";
				CLANG_ENABLE_MODULES = YES;
				CLANG_ENABLE_OBJC_ARC = YES;
				CLANG_ENABLE_OBJC_WEAK = YES;
				CLANG_WARN_BLOCK_CAPTURE_AUTORELEASING = YES;
				CLANG_WARN_BOOL_CONVERSION = YES;
				CLANG_WARN_COMMA = YES;
				CLANG_WARN_CONSTANT_CONVERSION = YES;
				CLANG_WARN_DEPRECATED_OBJC_IMPLEMENTATIONS = YES;
				CLANG_WARN_DIRECT_OBJC_ISA_USAGE = YES_ERROR;
				CLANG_WARN_DOCUMENTATION_COMMENTS = YES;
				CLANG_WARN_EMPTY_BODY = YES;
				CLANG_WARN_ENUM_CONVERSION = YES;
				CLANG_WARN_INFINITE_RECURSION = YES;
				CLANG_WARN_INT_CONVERSION = YES;
				CLANG_WARN_NON_LITERAL_NULL_CONVERSION = YES;
				CLANG_WARN_OBJC_IMPLICIT_RETAIN_SELF = YES;
				CLANG_WARN_OBJC_LITERAL_CONVERSION = YES;
				CLANG_WARN_OBJC_ROOT_CLASS = YES_ERROR;
				CLANG_WARN_QUOTED_INCLUDE_IN_FRAMEWORK_HEADER = YES;
				CLANG_WARN_RANGE_LOOP_ANALYSIS = YES;
				CLANG_WARN_STRICT_PROTOTYPES = YES;
				CLANG_WARN_SUSPICIOUS_MOVE = YES;
				CLANG_WARN_UNGUARDED_AVAILABILITY = YES_AGGRESSIVE;
				CLANG_WARN_UNREACHABLE_CODE = YES;
				CLANG_WARN__DUPLICATE_METHOD_MATCH = YES;
				COPY_PHASE_STRIP = NO;
				DEBUG_INFORMATION_FORMAT = dwarf;
				ENABLE_STRICT_OBJC_MSGSEND = YES;
				ENABLE_TESTABILITY = YES;
				GCC_C_LANGUAGE_STANDARD = gnu11;
				GCC_DYNAMIC_NO_PIC = NO;
				GCC_NO_COMMON_BLOCKS = YES;
				GCC_OPTIMIZATION_LEVEL = 0;
				GCC_PREPROCESSOR_DEFINITIONS = (
					"DEBUG=1",
					"$(inherited)",
				);
				GCC_WARN_64_TO_32_BIT_CONVERSION = YES;
				GCC_WARN_ABOUT_RETURN_TYPE = YES_ERROR;
				GCC_WARN_UNDECLARED_SELECTOR = YES;
				GCC_WARN_UNINITIALIZED_AUTOS = YES_AGGRESSIVE;
				GCC_WARN_UNUSED_FUNCTION = YES;
				GCC_WARN_UNUSED_VARIABLE = YES;
				IPHONEOS_DEPLOYMENT_TARGET = 15.2;
				MTL_ENABLE_DEBUG_INFO = INCLUDE_SOURCE;
				MTL_FAST_MATH = YES;
				ONLY_ACTIVE_ARCH = YES;
				SDKROOT = iphoneos;
				SWIFT_ACTIVE_COMPILATION_CONDITIONS = DEBUG;
				SWIFT_OPTIMIZATION_LEVEL = "-Onone";
			};
			name = Debug;
		};
		B13E8FDC27CA22C800FAA99D /* Release */ = {
			isa = XCBuildConfiguration;
			buildSettings = {
				ALWAYS_SEARCH_USER_PATHS = NO;
				CLANG_ANALYZER_NONNULL = YES;
				CLANG_ANALYZER_NUMBER_OBJECT_CONVERSION = YES_AGGRESSIVE;
				CLANG_CXX_LANGUAGE_STANDARD = "gnu++17";
				CLANG_CXX_LIBRARY = "libc++";
				CLANG_ENABLE_MODULES = YES;
				CLANG_ENABLE_OBJC_ARC = YES;
				CLANG_ENABLE_OBJC_WEAK = YES;
				CLANG_WARN_BLOCK_CAPTURE_AUTORELEASING = YES;
				CLANG_WARN_BOOL_CONVERSION = YES;
				CLANG_WARN_COMMA = YES;
				CLANG_WARN_CONSTANT_CONVERSION = YES;
				CLANG_WARN_DEPRECATED_OBJC_IMPLEMENTATIONS = YES;
				CLANG_WARN_DIRECT_OBJC_ISA_USAGE = YES_ERROR;
				CLANG_WARN_DOCUMENTATION_COMMENTS = YES;
				CLANG_WARN_EMPTY_BODY = YES;
				CLANG_WARN_ENUM_CONVERSION = YES;
				CLANG_WARN_INFINITE_RECURSION = YES;
				CLANG_WARN_INT_CONVERSION = YES;
				CLANG_WARN_NON_LITERAL_NULL_CONVERSION = YES;
				CLANG_WARN_OBJC_IMPLICIT_RETAIN_SELF = YES;
				CLANG_WARN_OBJC_LITERAL_CONVERSION = YES;
				CLANG_WARN_OBJC_ROOT_CLASS = YES_ERROR;
				CLANG_WARN_QUOTED_INCLUDE_IN_FRAMEWORK_HEADER = YES;
				CLANG_WARN_RANGE_LOOP_ANALYSIS = YES;
				CLANG_WARN_STRICT_PROTOTYPES = YES;
				CLANG_WARN_SUSPICIOUS_MOVE = YES;
				CLANG_WARN_UNGUARDED_AVAILABILITY = YES_AGGRESSIVE;
				CLANG_WARN_UNREACHABLE_CODE = YES;
				CLANG_WARN__DUPLICATE_METHOD_MATCH = YES;
				COPY_PHASE_STRIP = NO;
				DEBUG_INFORMATION_FORMAT = "dwarf-with-dsym";
				ENABLE_NS_ASSERTIONS = NO;
				ENABLE_STRICT_OBJC_MSGSEND = YES;
				GCC_C_LANGUAGE_STANDARD = gnu11;
				GCC_NO_COMMON_BLOCKS = YES;
				GCC_WARN_64_TO_32_BIT_CONVERSION = YES;
				GCC_WARN_ABOUT_RETURN_TYPE = YES_ERROR;
				GCC_WARN_UNDECLARED_SELECTOR = YES;
				GCC_WARN_UNINITIALIZED_AUTOS = YES_AGGRESSIVE;
				GCC_WARN_UNUSED_FUNCTION = YES;
				GCC_WARN_UNUSED_VARIABLE = YES;
				IPHONEOS_DEPLOYMENT_TARGET = 15.2;
				MTL_ENABLE_DEBUG_INFO = NO;
				MTL_FAST_MATH = YES;
				SDKROOT = iphoneos;
				SWIFT_COMPILATION_MODE = wholemodule;
				SWIFT_OPTIMIZATION_LEVEL = "-O";
				VALIDATE_PRODUCT = YES;
			};
			name = Release;
		};
		B13E8FDE27CA22C800FAA99D /* Debug */ = {
			isa = XCBuildConfiguration;
			buildSettings = {
				ASSETCATALOG_COMPILER_APPICON_NAME = AppIcon;
				ASSETCATALOG_COMPILER_GLOBAL_ACCENT_COLOR_NAME = AccentColor;
				CODE_SIGN_STYLE = Automatic;
				CURRENT_PROJECT_VERSION = 1;
				DEVELOPMENT_TEAM = D88F888ZA9;
				GENERATE_INFOPLIST_FILE = YES;
				INFOPLIST_FILE = VideoPlayer/Info.plist;
				INFOPLIST_KEY_UIApplicationSupportsIndirectInputEvents = YES;
				INFOPLIST_KEY_UILaunchStoryboardName = LaunchScreen;
				INFOPLIST_KEY_UISupportedInterfaceOrientations = UIInterfaceOrientationPortrait;
				INFOPLIST_KEY_UISupportedInterfaceOrientations_iPad = "UIInterfaceOrientationPortrait UIInterfaceOrientationPortraitUpsideDown UIInterfaceOrientationLandscapeLeft UIInterfaceOrientationLandscapeRight";
				INFOPLIST_KEY_UISupportedInterfaceOrientations_iPhone = "UIInterfaceOrientationPortrait UIInterfaceOrientationLandscapeLeft UIInterfaceOrientationLandscapeRight";
				IPHONEOS_DEPLOYMENT_TARGET = 15.0;
				LD_RUNPATH_SEARCH_PATHS = (
					"$(inherited)",
					"@executable_path/Frameworks",
				);
				MARKETING_VERSION = 1.0;
				PRODUCT_BUNDLE_IDENTIFIER = v.stasenko.VideoPlayer;
				PRODUCT_NAME = "$(TARGET_NAME)";
				SWIFT_EMIT_LOC_STRINGS = YES;
				SWIFT_VERSION = 5.0;
				TARGETED_DEVICE_FAMILY = 1;
			};
			name = Debug;
		};
		B13E8FDF27CA22C800FAA99D /* Release */ = {
			isa = XCBuildConfiguration;
			buildSettings = {
				ASSETCATALOG_COMPILER_APPICON_NAME = AppIcon;
				ASSETCATALOG_COMPILER_GLOBAL_ACCENT_COLOR_NAME = AccentColor;
				CODE_SIGN_STYLE = Automatic;
				CURRENT_PROJECT_VERSION = 1;
				DEVELOPMENT_TEAM = D88F888ZA9;
				GENERATE_INFOPLIST_FILE = YES;
				INFOPLIST_FILE = VideoPlayer/Info.plist;
				INFOPLIST_KEY_UIApplicationSupportsIndirectInputEvents = YES;
				INFOPLIST_KEY_UILaunchStoryboardName = LaunchScreen;
				INFOPLIST_KEY_UISupportedInterfaceOrientations = UIInterfaceOrientationPortrait;
				INFOPLIST_KEY_UISupportedInterfaceOrientations_iPad = "UIInterfaceOrientationPortrait UIInterfaceOrientationPortraitUpsideDown UIInterfaceOrientationLandscapeLeft UIInterfaceOrientationLandscapeRight";
				INFOPLIST_KEY_UISupportedInterfaceOrientations_iPhone = "UIInterfaceOrientationPortrait UIInterfaceOrientationLandscapeLeft UIInterfaceOrientationLandscapeRight";
				IPHONEOS_DEPLOYMENT_TARGET = 15.0;
				LD_RUNPATH_SEARCH_PATHS = (
					"$(inherited)",
					"@executable_path/Frameworks",
				);
				MARKETING_VERSION = 1.0;
				PRODUCT_BUNDLE_IDENTIFIER = v.stasenko.VideoPlayer;
				PRODUCT_NAME = "$(TARGET_NAME)";
				SWIFT_EMIT_LOC_STRINGS = YES;
				SWIFT_VERSION = 5.0;
				TARGETED_DEVICE_FAMILY = 1;
			};
			name = Release;
		};
/* End XCBuildConfiguration section */

/* Begin XCConfigurationList section */
		B13E8FC427CA22C700FAA99D /* Build configuration list for PBXProject "VideoPlayer" */ = {
			isa = XCConfigurationList;
			buildConfigurations = (
				B13E8FDB27CA22C800FAA99D /* Debug */,
				B13E8FDC27CA22C800FAA99D /* Release */,
			);
			defaultConfigurationIsVisible = 0;
			defaultConfigurationName = Release;
		};
		B13E8FDD27CA22C800FAA99D /* Build configuration list for PBXNativeTarget "VideoPlayer" */ = {
			isa = XCConfigurationList;
			buildConfigurations = (
				B13E8FDE27CA22C800FAA99D /* Debug */,
				B13E8FDF27CA22C800FAA99D /* Release */,
			);
			defaultConfigurationIsVisible = 0;
			defaultConfigurationName = Release;
		};
/* End XCConfigurationList section */
	};
	rootObject = B13E8FC127CA22C700FAA99D /* Project object */;
}
